
Microsoft Visual Studio Solution File, Format Version 12.00
# Visual Studio 15
VisualStudioVersion = 15.0.28307.329
MinimumVisualStudioVersion = 10.0.40219.1
Project("{FAE04EC0-301F-11D3-BF4B-00C04F79EFBC}") = "MemberManagementSystem", "MemberManagementSystem\MemberManagementSystem.csproj", "{AA0EBFB0-AE77-458D-8B6C-C976CFC680BF}"
EndProject
Global
	GlobalSection(SolutionConfigurationPlatforms) = preSolution
		Debug|Any CPU = Debug|Any CPU
		Release|Any CPU = Release|Any CPU
	EndGlobalSection
	GlobalSection(ProjectConfigurationPlatforms) = postSolution
		{AA0EBFB0-AE77-458D-8B6C-C976CFC680BF}.Debug|Any CPU.ActiveCfg = Debug|Any CPU
		{AA0EBFB0-AE77-458D-8B6C-C976CFC680BF}.Debug|Any CPU.Build.0 = Debug|Any CPU
		{AA0EBFB0-AE77-458D-8B6C-C976CFC680BF}.Release|Any CPU.ActiveCfg = Release|Any CPU
		{AA0EBFB0-AE77-458D-8B6C-C976CFC680BF}.Release|Any CPU.Build.0 = Release|Any CPU
	EndGlobalSection
	GlobalSection(SolutionProperties) = preSolution
		HideSolutionNode = FALSE
	EndGlobalSection
	GlobalSection(ExtensibilityGlobals) = postSolution
		SolutionGuid = {92ACC741-9E57-4017-A42D-30438ABFA80B}
	EndGlobalSection
EndGlobal
